github.com/schnerring/hugo-mod-json-resume v0.0.0-20250708201327-28f85a603d31 h1:+ttrej4GX6gXlOKOIucqArbOg5F7/0dumhoaIEoSRTQ=
github.com/schnerring/hugo-mod-json-resume v0.0.0-20250708201327-28f85a603d31/go.mod h1:hG8Rxs3GLAv96p6aGtC9LG4VCk3KUHq9hSn+Vd8wfhs=
github.com/schnerring/hugo-theme-gruvbox v0.0.0-20250311225438-e37181494ba5 h1:/m84c+szZCHRNMDbh8cIzzx14RYo5d0o9wcxiecUFa4=
github.com/schnerring/hugo-theme-gruvbox v0.0.0-20250311225438-e37181494ba5/go.mod h1:tk8bl3CReZuZmIW4CVLR9892Ja7uSby4Tq4Jx+JGrxk=
